
Microsoft Visual Studio Solution File, Format Version 12.00
# Visual Studio 15
VisualStudioVersion = 15.0.28307.1209
MinimumVisualStudioVersion = 10.0.40219.1
Project("{FAE04EC0-301F-11D3-BF4B-00C04F79EFBC}") = "ImageUploader", "ImageUploader\ImageUploader.csproj", "{2DDFAD51-E384-426B-8DBB-53B3C46A5BE6}"
EndProject
Global
	GlobalSection(SolutionConfigurationPlatforms) = preSolution
		Debug|Any CPU = Debug|Any CPU
		Release|Any CPU = Release|Any CPU
	EndGlobalSection
	GlobalSection(ProjectConfigurationPlatforms) = postSolution
		{2DDFAD51-E384-426B-8DBB-53B3C46A5BE6}.Debug|Any CPU.ActiveCfg = Debug|Any CPU
		{2DDFAD51-E384-426B-8DBB-53B3C46A5BE6}.Debug|Any CPU.Build.0 = Debug|Any CPU
		{2DDFAD51-E384-426B-8DBB-53B3C46A5BE6}.Release|Any CPU.ActiveCfg = Release|Any CPU
		{2DDFAD51-E384-426B-8DBB-53B3C46A5BE6}.Release|Any CPU.Build.0 = Release|Any CPU
	EndGlobalSection
	GlobalSection(SolutionProperties) = preSolution
		HideSolutionNode = FALSE
	EndGlobalSection
	GlobalSection(ExtensibilityGlobals) = postSolution
		SolutionGuid = {0AA733B2-1EF9-4C3C-A49B-F5427754FEBD}
	EndGlobalSection
EndGlobal
